
Microsoft Visual Studio Solution File, Format Version 12.00
# Visual Studio 15
Project("{FAE04EC0-301F-11D3-BF4B-00C04F79EFBC}") = "Assembly-CSharp", "Assembly-CSharp.csproj", "{C230124E-5D7B-2EE7-22F7-594623055E72}"
EndProject
Project("{FAE04EC0-301F-11D3-BF4B-00C04F79EFBC}") = "Assembly-CSharp-Editor", "Assembly-CSharp-Editor.csproj", "{468977E1-F406-CEE0-07C3-2D4DE7B53A21}"
EndProject
Global
	GlobalSection(SolutionConfigurationPlatforms) = preSolution
		Debug|Any CPU = Debug|Any CPU
		Release|Any CPU = Release|Any CPU
	EndGlobalSection
	GlobalSection(ProjectConfigurationPlatforms) = postSolution
		{C230124E-5D7B-2EE7-22F7-594623055E72}.Debug|Any CPU.ActiveCfg = Debug|Any CPU
		{C230124E-5D7B-2EE7-22F7-594623055E72}.Debug|Any CPU.Build.0 = Debug|Any CPU
		{C230124E-5D7B-2EE7-22F7-594623055E72}.Release|Any CPU.ActiveCfg = Release|Any CPU
		{C230124E-5D7B-2EE7-22F7-594623055E72}.Release|Any CPU.Build.0 = Release|Any CPU
		{468977E1-F406-CEE0-07C3-2D4DE7B53A21}.Debug|Any CPU.ActiveCfg = Debug|Any CPU
		{468977E1-F406-CEE0-07C3-2D4DE7B53A21}.Debug|Any CPU.Build.0 = Debug|Any CPU
		{468977E1-F406-CEE0-07C3-2D4DE7B53A21}.Release|Any CPU.ActiveCfg = Release|Any CPU
		{468977E1-F406-CEE0-07C3-2D4DE7B53A21}.Release|Any CPU.Build.0 = Release|Any CPU
	EndGlobalSection
	GlobalSection(SolutionProperties) = preSolution
		HideSolutionNode = FALSE
	EndGlobalSection
EndGlobal
